PODS:
  - Colours (5.13.0):
    - Colours/ObjC (= 5.13.0)
  - Colours/ObjC (5.13.0)
  - FontAwesome.swift (1.5.1)
  - SnapKit (4.2.0)

DEPENDENCIES:
  - Colours
  - FontAwesome.swift
  - SnapKit

SPEC REPOS:
  https://github.com/cocoapods/specs.git:
    - Colours
    - FontAwesome.swift
    - SnapKit

SPEC CHECKSUMS:
  Colours: f24220c38f13deac88612667e9b4a7fb96b871d4
  FontAwesome.swift: 9b5a9b9adb6d48b2d37c1e789889ef377cfbc205
  SnapKit: fe8a619752f3f27075cc9a90244d75c6c3f27e2a

PODFILE CHECKSUM: b64445ce18d6a25d2c19c07de9cb9d0fa9b116b8

COCOAPODS: 1.6.0
