// !$*UTF8*$!
{
	archiveVersion = 1;
	classes = {
	};
	objectVersion = 48;
	objects = {

/* Begin PBXBuildFile section */
		15707C2A612833FD230FCAFA /* Pods_DPICalculator.framework in Frameworks */ = {isa = PBXBuildFile; fileRef = CD76061BF6D78574090EF696 /* Pods_DPICalculator.framework */; };
		60036D4A2205E193009D0F1B /* DPICalculationViewController+KeyboardFunctions.swift in Sources */ = {isa = PBXBuildFile; fileRef = 60036D492205E193009D0F1B /* DPICalculationViewController+KeyboardFunctions.swift */; };
		600687E6211E32DF00A0158E /* NavigationEnum.swift in Sources */ = {isa = PBXBuildFile; fileRef = 600687E5211E32DF00A0158E /* NavigationEnum.swift */; };
		600687EA211E356600A0158E /* NoViewController.swift in Sources */ = {isa = PBXBuildFile; fileRef = 600687E9211E356600A0158E /* NoViewController.swift */; };
		600687EC211E483900A0158E /* UIAppColorSet.swift in Sources */ = {isa = PBXBuildFile; fileRef = 600687EB211E483900A0158E /* UIAppColorSet.swift */; };
		600687F1211E528600A0158E /* DPICalculationViewController.swift in Sources */ = {isa = PBXBuildFile; fileRef = 600687F0211E528600A0158E /* DPICalculationViewController.swift */; };
		600687F3211E52E400A0158E /* DPIMainView.swift in Sources */ = {isa = PBXBuildFile; fileRef = 600687F2211E52E400A0158E /* DPIMainView.swift */; };
		6008DE992135CB950024F6BA /* DPIBaseTableViewHeader.swift in Sources */ = {isa = PBXBuildFile; fileRef = 6008DE982135CB950024F6BA /* DPIBaseTableViewHeader.swift */; };
		6008DE9B2135E0D50024F6BA /* DPICalculationViewController+SectionHeader.swift in Sources */ = {isa = PBXBuildFile; fileRef = 6008DE9A2135E0D50024F6BA /* DPICalculationViewController+SectionHeader.swift */; };
		6035F9BD2047D9C4004F5AED /* DisplayData.swift in Sources */ = {isa = PBXBuildFile; fileRef = 6035F9BC2047D9C4004F5AED /* DisplayData.swift */; };
		6035F9BF2047DCFD004F5AED /* DisplayDataBuilder.swift in Sources */ = {isa = PBXBuildFile; fileRef = 6035F9BE2047DCFD004F5AED /* DisplayDataBuilder.swift */; };
		604D710B211EF67B00C4EABE /* DPIBaseContainerView.swift in Sources */ = {isa = PBXBuildFile; fileRef = 604D710A211EF67B00C4EABE /* DPIBaseContainerView.swift */; };
		604D710D211F02F600C4EABE /* DPITopSeparatorView.swift in Sources */ = {isa = PBXBuildFile; fileRef = 604D710C211F02F600C4EABE /* DPITopSeparatorView.swift */; };
		604D710F211F1DE100C4EABE /* DPICalculationViewController+TableView.swift in Sources */ = {isa = PBXBuildFile; fileRef = 604D710E211F1DE100C4EABE /* DPICalculationViewController+TableView.swift */; };
		604D7113211F301A00C4EABE /* DPIBaseTableView.swift in Sources */ = {isa = PBXBuildFile; fileRef = 604D7112211F301A00C4EABE /* DPIBaseTableView.swift */; };
		604FA51E2129939A00C7E995 /* UIImageView+AddImage.swift in Sources */ = {isa = PBXBuildFile; fileRef = 604FA51D2129939A00C7E995 /* UIImageView+AddImage.swift */; };
		604FA524212B0E2900C7E995 /* DPICalculationViewController+TableData.swift in Sources */ = {isa = PBXBuildFile; fileRef = 604FA523212B0E2900C7E995 /* DPICalculationViewController+TableData.swift */; };
		604FA526212B10F900C7E995 /* BaseButton.swift in Sources */ = {isa = PBXBuildFile; fileRef = 604FA525212B10F900C7E995 /* BaseButton.swift */; };
		604FA528212B5EE400C7E995 /* DPIBaseTableViewCellWithTwoTextFields.swift in Sources */ = {isa = PBXBuildFile; fileRef = 604FA527212B5EE400C7E995 /* DPIBaseTableViewCellWithTwoTextFields.swift */; };
		605A9F1221230D3700EED3CD /* DPICellFactory.swift in Sources */ = {isa = PBXBuildFile; fileRef = 605A9F1121230D3700EED3CD /* DPICellFactory.swift */; };
		605A9F17212319E700EED3CD /* DPICellDelegate.swift in Sources */ = {isa = PBXBuildFile; fileRef = 605A9F16212319E700EED3CD /* DPICellDelegate.swift */; };
		605A9F1921231BCD00EED3CD /* DPIBaseTableViewCellStyleEnum.swift in Sources */ = {isa = PBXBuildFile; fileRef = 605A9F1821231BCD00EED3CD /* DPIBaseTableViewCellStyleEnum.swift */; };
		605A9F1D2123225C00EED3CD /* DPIBaseTableViewCellWithTextField.swift in Sources */ = {isa = PBXBuildFile; fileRef = 605A9F1C2123225C00EED3CD /* DPIBaseTableViewCellWithTextField.swift */; };
		605A9F1F212325AB00EED3CD /* DPIBaseTableViewCellWithTextLabel.swift in Sources */ = {isa = PBXBuildFile; fileRef = 605A9F1E212325AB00EED3CD /* DPIBaseTableViewCellWithTextLabel.swift */; };
		605A9F2221234B4700EED3CD /* MainTableDataModel.swift in Sources */ = {isa = PBXBuildFile; fileRef = 605A9F2121234B4700EED3CD /* MainTableDataModel.swift */; };
		605A9F252123655000EED3CD /* UIImage+AssetIdentifier.swift in Sources */ = {isa = PBXBuildFile; fileRef = 605A9F242123655000EED3CD /* UIImage+AssetIdentifier.swift */; };
		606893D2211B1D2100A91A4B /* BaseNavigationController.swift in Sources */ = {isa = PBXBuildFile; fileRef = 606893D1211B1D2100A91A4B /* BaseNavigationController.swift */; };
		606893D5211C2D2F00A91A4B /* DPIBaseViewController.swift in Sources */ = {isa = PBXBuildFile; fileRef = 606893D4211C2D2F00A91A4B /* DPIBaseViewController.swift */; };
		60A323D1202F1F5B00B732E4 /* AppDelegate.swift in Sources */ = {isa = PBXBuildFile; fileRef = 60A323D0202F1F5B00B732E4 /* AppDelegate.swift */; };
		60A323D9202F1F5B00B732E4 /* DPICalculator.xcdatamodeld in Sources */ = {isa = PBXBuildFile; fileRef = 60A323D7202F1F5B00B732E4 /* DPICalculator.xcdatamodeld */; };
		60A323DB202F1F5B00B732E4 /* Assets.xcassets in Resources */ = {isa = PBXBuildFile; fileRef = 60A323DA202F1F5B00B732E4 /* Assets.xcassets */; };
		60A323DE202F1F5B00B732E4 /* LaunchScreen.storyboard in Resources */ = {isa = PBXBuildFile; fileRef = 60A323DC202F1F5B00B732E4 /* LaunchScreen.storyboard */; };
		60BDC888212ED1A5007FD834 /* ScreenData.swift in Sources */ = {isa = PBXBuildFile; fileRef = 60BDC887212ED1A5007FD834 /* ScreenData.swift */; };
		60BDC88A213014D5007FD834 /* DPIBaseTableViewCellWithTwoTextLabels.swift in Sources */ = {isa = PBXBuildFile; fileRef = 60BDC889213014D5007FD834 /* DPIBaseTableViewCellWithTwoTextLabels.swift */; };
		60CE84D7212C105F0031FF86 /* DPICalculationViewController+CellForRow.swift in Sources */ = {isa = PBXBuildFile; fileRef = 60CE84D6212C105F0031FF86 /* DPICalculationViewController+CellForRow.swift */; };
		60CE84DB212ECABA0031FF86 /* DPICalculationViewController+Calculations.swift in Sources */ = {isa = PBXBuildFile; fileRef = 60CE84DA212ECABA0031FF86 /* DPICalculationViewController+Calculations.swift */; };
		60D0C79C212035A700787132 /* BaseTabBarViewController.swift in Sources */ = {isa = PBXBuildFile; fileRef = 60D0C79B212035A700787132 /* BaseTabBarViewController.swift */; };
		60D0C79E2120392500787132 /* AppDelegate+SetupTabBar.swift in Sources */ = {isa = PBXBuildFile; fileRef = 60D0C79D2120392500787132 /* AppDelegate+SetupTabBar.swift */; };
		60D0C7A62120B96A00787132 /* String+textFor.swift in Sources */ = {isa = PBXBuildFile; fileRef = 60D0C7A52120B96A00787132 /* String+textFor.swift */; };
		60E0E9AA203BFC740086629C /* BaseScreenData.swift in Sources */ = {isa = PBXBuildFile; fileRef = 60E0E9A9203BFC740086629C /* BaseScreenData.swift */; };
		60E0E9AD203BFC8A0086629C /* BaseScreenDataBuilder.swift in Sources */ = {isa = PBXBuildFile; fileRef = 60E0E9AC203BFC8A0086629C /* BaseScreenDataBuilder.swift */; };
		60E0E9B0203BFE9C0086629C /* CalculationManager.swift in Sources */ = {isa = PBXBuildFile; fileRef = 60E0E9AF203BFE9C0086629C /* CalculationManager.swift */; };
		60E0E9B2203BFEF70086629C /* ConstantValues.swift in Sources */ = {isa = PBXBuildFile; fileRef = 60E0E9B1203BFEF70086629C /* ConstantValues.swift */; };
		60F1478622061473009E1C0F /* Device.swift in Sources */ = {isa = PBXBuildFile; fileRef = 60F1478522061473009E1C0F /* Device.swift */; };
/* End PBXBuildFile section */

/* Begin PBXFileReference section */
		034E1F224334B4A6365E3826 /* Pods-DPICalculator.release.xcconfig */ = {isa = PBXFileReference; includeInIndex = 1; lastKnownFileType = text.xcconfig; name = "Pods-DPICalculator.release.xcconfig"; path = "Pods/Target Support Files/Pods-DPICalculator/Pods-DPICalculator.release.xcconfig"; sourceTree = "<group>"; };
		60036D492205E193009D0F1B /* DPICalculationViewController+KeyboardFunctions.swift */ = {isa = PBXFileReference; lastKnownFileType = sourcecode.swift; path = "DPICalculationViewController+KeyboardFunctions.swift"; sourceTree = "<group>"; };
		600687E5211E32DF00A0158E /* NavigationEnum.swift */ = {isa = PBXFileReference; lastKnownFileType = sourcecode.swift; path = NavigationEnum.swift; sourceTree = "<group>"; };
		600687E9211E356600A0158E /* NoViewController.swift */ = {isa = PBXFileReference; lastKnownFileType = sourcecode.swift; path = NoViewController.swift; sourceTree = "<group>"; };
		600687EB211E483900A0158E /* UIAppColorSet.swift */ = {isa = PBXFileReference; lastKnownFileType = sourcecode.swift; path = UIAppColorSet.swift; sourceTree = "<group>"; };
		600687F0211E528600A0158E /* DPICalculationViewController.swift */ = {isa = PBXFileReference; lastKnownFileType = sourcecode.swift; path = DPICalculationViewController.swift; sourceTree = "<group>"; };
		600687F2211E52E400A0158E /* DPIMainView.swift */ = {isa = PBXFileReference; lastKnownFileType = sourcecode.swift; path = DPIMainView.swift; sourceTree = "<group>"; };
		6008DE982135CB950024F6BA /* DPIBaseTableViewHeader.swift */ = {isa = PBXFileReference; lastKnownFileType = sourcecode.swift; path = DPIBaseTableViewHeader.swift; sourceTree = "<group>"; };
		6008DE9A2135E0D50024F6BA /* DPICalculationViewController+SectionHeader.swift */ = {isa = PBXFileReference; lastKnownFileType = sourcecode.swift; path = "DPICalculationViewController+SectionHeader.swift"; sourceTree = "<group>"; };
		6035F9BC2047D9C4004F5AED /* DisplayData.swift */ = {isa = PBXFileReference; lastKnownFileType = sourcecode.swift; path = DisplayData.swift; sourceTree = "<group>"; };
		6035F9BE2047DCFD004F5AED /* DisplayDataBuilder.swift */ = {isa = PBXFileReference; lastKnownFileType = sourcecode.swift; path = DisplayDataBuilder.swift; sourceTree = "<group>"; };
		604D710A211EF67B00C4EABE /* DPIBaseContainerView.swift */ = {isa = PBXFileReference; lastKnownFileType = sourcecode.swift; path = DPIBaseContainerView.swift; sourceTree = "<group>"; };
		604D710C211F02F600C4EABE /* DPITopSeparatorView.swift */ = {isa = PBXFileReference; lastKnownFileType = sourcecode.swift; path = DPITopSeparatorView.swift; sourceTree = "<group>"; };
		604D710E211F1DE100C4EABE /* DPICalculationViewController+TableView.swift */ = {isa = PBXFileReference; lastKnownFileType = sourcecode.swift; path = "DPICalculationViewController+TableView.swift"; sourceTree = "<group>"; };
		604D7112211F301A00C4EABE /* DPIBaseTableView.swift */ = {isa = PBXFileReference; lastKnownFileType = sourcecode.swift; path = DPIBaseTableView.swift; sourceTree = "<group>"; };
		604FA51D2129939A00C7E995 /* UIImageView+AddImage.swift */ = {isa = PBXFileReference; lastKnownFileType = sourcecode.swift; path = "UIImageView+AddImage.swift"; sourceTree = "<group>"; };
		604FA523212B0E2900C7E995 /* DPICalculationViewController+TableData.swift */ = {isa = PBXFileReference; lastKnownFileType = sourcecode.swift; path = "DPICalculationViewController+TableData.swift"; sourceTree = "<group>"; };
		604FA525212B10F900C7E995 /* BaseButton.swift */ = {isa = PBXFileReference; lastKnownFileType = sourcecode.swift; path = BaseButton.swift; sourceTree = "<group>"; };
		604FA527212B5EE400C7E995 /* DPIBaseTableViewCellWithTwoTextFields.swift */ = {isa = PBXFileReference; lastKnownFileType = sourcecode.swift; path = DPIBaseTableViewCellWithTwoTextFields.swift; sourceTree = "<group>"; };
		605A9F1121230D3700EED3CD /* DPICellFactory.swift */ = {isa = PBXFileReference; lastKnownFileType = sourcecode.swift; path = DPICellFactory.swift; sourceTree = "<group>"; };
		605A9F16212319E700EED3CD /* DPICellDelegate.swift */ = {isa = PBXFileReference; lastKnownFileType = sourcecode.swift; path = DPICellDelegate.swift; sourceTree = "<group>"; };
		605A9F1821231BCD00EED3CD /* DPIBaseTableViewCellStyleEnum.swift */ = {isa = PBXFileReference; lastKnownFileType = sourcecode.swift; path = DPIBaseTableViewCellStyleEnum.swift; sourceTree = "<group>"; };
		605A9F1C2123225C00EED3CD /* DPIBaseTableViewCellWithTextField.swift */ = {isa = PBXFileReference; lastKnownFileType = sourcecode.swift; path = DPIBaseTableViewCellWithTextField.swift; sourceTree = "<group>"; };
		605A9F1E212325AB00EED3CD /* DPIBaseTableViewCellWithTextLabel.swift */ = {isa = PBXFileReference; lastKnownFileType = sourcecode.swift; path = DPIBaseTableViewCellWithTextLabel.swift; sourceTree = "<group>"; };
		605A9F2121234B4700EED3CD /* MainTableDataModel.swift */ = {isa = PBXFileReference; lastKnownFileType = sourcecode.swift; path = MainTableDataModel.swift; sourceTree = "<group>"; };
		605A9F242123655000EED3CD /* UIImage+AssetIdentifier.swift */ = {isa = PBXFileReference; lastKnownFileType = sourcecode.swift; path = "UIImage+AssetIdentifier.swift"; sourceTree = "<group>"; };
		606893D1211B1D2100A91A4B /* BaseNavigationController.swift */ = {isa = PBXFileReference; lastKnownFileType = sourcecode.swift; path = BaseNavigationController.swift; sourceTree = "<group>"; };
		606893D4211C2D2F00A91A4B /* DPIBaseViewController.swift */ = {isa = PBXFileReference; lastKnownFileType = sourcecode.swift; path = DPIBaseViewController.swift; sourceTree = "<group>"; };
		60A323CD202F1F5B00B732E4 /* DPICalculator.app */ = {isa = PBXFileReference; explicitFileType = wrapper.application; includeInIndex = 0; path = DPICalculator.app; sourceTree = BUILT_PRODUCTS_DIR; };
		60A323D0202F1F5B00B732E4 /* AppDelegate.swift */ = {isa = PBXFileReference; lastKnownFileType = sourcecode.swift; path = AppDelegate.swift; sourceTree = "<group>"; };
		60A323D8202F1F5B00B732E4 /* DPICalculator.xcdatamodel */ = {isa = PBXFileReference; lastKnownFileType = wrapper.xcdatamodel; path = DPICalculator.xcdatamodel; sourceTree = "<group>"; };
		60A323DA202F1F5B00B732E4 /* Assets.xcassets */ = {isa = PBXFileReference; lastKnownFileType = folder.assetcatalog; path = Assets.xcassets; sourceTree = "<group>"; };
		60A323DD202F1F5B00B732E4 /* Base */ = {isa = PBXFileReference; lastKnownFileType = file.storyboard; name = Base; path = Base.lproj/LaunchScreen.storyboard; sourceTree = "<group>"; };
		60A323DF202F1F5B00B732E4 /* Info.plist */ = {isa = PBXFileReference; lastKnownFileType = text.plist.xml; path = Info.plist; sourceTree = "<group>"; };
		60BDC887212ED1A5007FD834 /* ScreenData.swift */ = {isa = PBXFileReference; lastKnownFileType = sourcecode.swift; path = ScreenData.swift; sourceTree = "<group>"; };
		60BDC889213014D5007FD834 /* DPIBaseTableViewCellWithTwoTextLabels.swift */ = {isa = PBXFileReference; lastKnownFileType = sourcecode.swift; path = DPIBaseTableViewCellWithTwoTextLabels.swift; sourceTree = "<group>"; };
		60CE84D6212C105F0031FF86 /* DPICalculationViewController+CellForRow.swift */ = {isa = PBXFileReference; lastKnownFileType = sourcecode.swift; path = "DPICalculationViewController+CellForRow.swift"; sourceTree = "<group>"; };
		60CE84DA212ECABA0031FF86 /* DPICalculationViewController+Calculations.swift */ = {isa = PBXFileReference; lastKnownFileType = sourcecode.swift; path = "DPICalculationViewController+Calculations.swift"; sourceTree = "<group>"; };
		60D0C79B212035A700787132 /* BaseTabBarViewController.swift */ = {isa = PBXFileReference; lastKnownFileType = sourcecode.swift; path = BaseTabBarViewController.swift; sourceTree = "<group>"; };
		60D0C79D2120392500787132 /* AppDelegate+SetupTabBar.swift */ = {isa = PBXFileReference; lastKnownFileType = sourcecode.swift; path = "AppDelegate+SetupTabBar.swift"; sourceTree = "<group>"; };
		60D0C7A52120B96A00787132 /* String+textFor.swift */ = {isa = PBXFileReference; lastKnownFileType = sourcecode.swift; path = "String+textFor.swift"; sourceTree = "<group>"; };
		60E0E9A9203BFC740086629C /* BaseScreenData.swift */ = {isa = PBXFileReference; lastKnownFileType = sourcecode.swift; path = BaseScreenData.swift; sourceTree = "<group>"; };
		60E0E9AC203BFC8A0086629C /* BaseScreenDataBuilder.swift */ = {isa = PBXFileReference; lastKnownFileType = sourcecode.swift; path = BaseScreenDataBuilder.swift; sourceTree = "<group>"; };
		60E0E9AF203BFE9C0086629C /* CalculationManager.swift */ = {isa = PBXFileReference; lastKnownFileType = sourcecode.swift; path = CalculationManager.swift; sourceTree = "<group>"; };
		60E0E9B1203BFEF70086629C /* ConstantValues.swift */ = {isa = PBXFileReference; lastKnownFileType = sourcecode.swift; path = ConstantValues.swift; sourceTree = "<group>"; };
		60F1478522061473009E1C0F /* Device.swift */ = {isa = PBXFileReference; lastKnownFileType = sourcecode.swift; path = Device.swift; sourceTree = "<group>"; };
		C4C02823162852AF8C030325 /* Pods-DPICalculator.debug.xcconfig */ = {isa = PBXFileReference; includeInIndex = 1; lastKnownFileType = text.xcconfig; name = "Pods-DPICalculator.debug.xcconfig"; path = "Pods/Target Support Files/Pods-DPICalculator/Pods-DPICalculator.debug.xcconfig"; sourceTree = "<group>"; };
		CD76061BF6D78574090EF696 /* Pods_DPICalculator.framework */ = {isa = PBXFileReference; explicitFileType = wrapper.framework; includeInIndex = 0; path = Pods_DPICalculator.framework; sourceTree = BUILT_PRODUCTS_DIR; };
/* End PBXFileReference section */

/* Begin PBXFrameworksBuildPhase section */
		60A323CA202F1F5B00B732E4 /* Frameworks */ = {
			isa = PBXFrameworksBuildPhase;
			buildActionMask = 2147483647;
			files = (
				15707C2A612833FD230FCAFA /* Pods_DPICalculator.framework in Frameworks */,
			);
			runOnlyForDeploymentPostprocessing = 0;
		};
/* End PBXFrameworksBuildPhase section */

/* Begin PBXGroup section */
		03689BFD37CB0E590B54CCE5 /* Frameworks */ = {
			isa = PBXGroup;
			children = (
				CD76061BF6D78574090EF696 /* Pods_DPICalculator.framework */,
			);
			name = Frameworks;
			sourceTree = "<group>";
		};
		500851A4260203430B473729 /* Pods */ = {
			isa = PBXGroup;
			children = (
				C4C02823162852AF8C030325 /* Pods-DPICalculator.debug.xcconfig */,
				034E1F224334B4A6365E3826 /* Pods-DPICalculator.release.xcconfig */,
			);
			name = Pods;
			sourceTree = "<group>";
		};
		600687DF211D8F8600A0158E /* Protocols */ = {
			isa = PBXGroup;
			children = (
				605A9F16212319E700EED3CD /* DPICellDelegate.swift */,
			);
			path = Protocols;
			sourceTree = "<group>";
		};
		600687E4211E180E00A0158E /* BaseNavigation */ = {
			isa = PBXGroup;
			children = (
				606893D1211B1D2100A91A4B /* BaseNavigationController.swift */,
			);
			path = BaseNavigation;
			sourceTree = "<group>";
		};
		600687E8211E353E00A0158E /* NoViewController */ = {
			isa = PBXGroup;
			children = (
				600687E9211E356600A0158E /* NoViewController.swift */,
			);
			path = NoViewController;
			sourceTree = "<group>";
		};
		600687F5211E532C00A0158E /* Calculation */ = {
			isa = PBXGroup;
			children = (
				605A9F2021234AEA00EED3CD /* Model */,
				604D7111211F1DF400C4EABE /* View */,
				604D7110211F1DEA00C4EABE /* Controller */,
			);
			path = Calculation;
			sourceTree = "<group>";
		};
		6026AA1A211771250049A0EA /* Classes */ = {
			isa = PBXGroup;
			children = (
				60A323D0202F1F5B00B732E4 /* AppDelegate.swift */,
				60D0C79D2120392500787132 /* AppDelegate+SetupTabBar.swift */,
				600687F5211E532C00A0158E /* Calculation */,
				60CE84D8212C26940031FF86 /* History */,
				60CE84D9212C26A70031FF86 /* About */,
			);
			path = Classes;
			sourceTree = "<group>";
		};
		6026AA222117890F0049A0EA /* ScreenBuilder */ = {
			isa = PBXGroup;
			children = (
				60E0E9AE203BFE8D0086629C /* Manager */,
				60E0E9AB203BFC790086629C /* Builder */,
				60E0E9A8203BFC560086629C /* Model */,
			);
			path = ScreenBuilder;
			sourceTree = "<group>";
		};
		604D7110211F1DEA00C4EABE /* Controller */ = {
			isa = PBXGroup;
			children = (
				600687F0211E528600A0158E /* DPICalculationViewController.swift */,
				604D710E211F1DE100C4EABE /* DPICalculationViewController+TableView.swift */,
				604FA523212B0E2900C7E995 /* DPICalculationViewController+TableData.swift */,
				60CE84D6212C105F0031FF86 /* DPICalculationViewController+CellForRow.swift */,
				60CE84DA212ECABA0031FF86 /* DPICalculationViewController+Calculations.swift */,
				6008DE9A2135E0D50024F6BA /* DPICalculationViewController+SectionHeader.swift */,
				60036D492205E193009D0F1B /* DPICalculationViewController+KeyboardFunctions.swift */,
			);
			path = Controller;
			sourceTree = "<group>";
		};
		604D7111211F1DF400C4EABE /* View */ = {
			isa = PBXGroup;
			children = (
				600687F2211E52E400A0158E /* DPIMainView.swift */,
			);
			path = View;
			sourceTree = "<group>";
		};
		605A9F1321230D4C00EED3CD /* BaseTableViewCell */ = {
			isa = PBXGroup;
			children = (
				605A9F1E212325AB00EED3CD /* DPIBaseTableViewCellWithTextLabel.swift */,
				60BDC889213014D5007FD834 /* DPIBaseTableViewCellWithTwoTextLabels.swift */,
				605A9F1C2123225C00EED3CD /* DPIBaseTableViewCellWithTextField.swift */,
				604FA527212B5EE400C7E995 /* DPIBaseTableViewCellWithTwoTextFields.swift */,
			);
			path = BaseTableViewCell;
			sourceTree = "<group>";
		};
		605A9F2021234AEA00EED3CD /* Model */ = {
			isa = PBXGroup;
			children = (
				605A9F2121234B4700EED3CD /* MainTableDataModel.swift */,
			);
			path = Model;
			sourceTree = "<group>";
		};
		605A9F232123653000EED3CD /* Extensions */ = {
			isa = PBXGroup;
			children = (
				605A9F242123655000EED3CD /* UIImage+AssetIdentifier.swift */,
				604FA51D2129939A00C7E995 /* UIImageView+AddImage.swift */,
				60D0C7A52120B96A00787132 /* String+textFor.swift */,
			);
			path = Extensions;
			sourceTree = "<group>";
		};
		606893D3211C2D0E00A91A4B /* Base Classes */ = {
			isa = PBXGroup;
			children = (
				60D0C79F2120B12800787132 /* BaseTableView */,
				60D0C79A2120356D00787132 /* BaseTabBar */,
				600687E4211E180E00A0158E /* BaseNavigation */,
				609596132120288A00CE6E31 /* BaseViewController */,
				60959614212028A600CE6E31 /* BaseView */,
			);
			path = "Base Classes";
			sourceTree = "<group>";
		};
		6084E7BB211CC43200088FAA /* Utils */ = {
			isa = PBXGroup;
			children = (
				600687EB211E483900A0158E /* UIAppColorSet.swift */,
				60E0E9B1203BFEF70086629C /* ConstantValues.swift */,
				60F1478522061473009E1C0F /* Device.swift */,
				6026AA222117890F0049A0EA /* ScreenBuilder */,
				600687E8211E353E00A0158E /* NoViewController */,
			);
			path = Utils;
			sourceTree = "<group>";
		};
		609596132120288A00CE6E31 /* BaseViewController */ = {
			isa = PBXGroup;
			children = (
				606893D4211C2D2F00A91A4B /* DPIBaseViewController.swift */,
			);
			path = BaseViewController;
			sourceTree = "<group>";
		};
		60959614212028A600CE6E31 /* BaseView */ = {
			isa = PBXGroup;
			children = (
				604FA525212B10F900C7E995 /* BaseButton.swift */,
				604D710A211EF67B00C4EABE /* DPIBaseContainerView.swift */,
				604D710C211F02F600C4EABE /* DPITopSeparatorView.swift */,
			);
			path = BaseView;
			sourceTree = "<group>";
		};
		60A323C4202F1F5B00B732E4 = {
			isa = PBXGroup;
			children = (
				60A323CF202F1F5B00B732E4 /* DPICalculator */,
				60A323CE202F1F5B00B732E4 /* Products */,
				500851A4260203430B473729 /* Pods */,
				03689BFD37CB0E590B54CCE5 /* Frameworks */,
			);
			sourceTree = "<group>";
		};
		60A323CE202F1F5B00B732E4 /* Products */ = {
			isa = PBXGroup;
			children = (
				60A323CD202F1F5B00B732E4 /* DPICalculator.app */,
			);
			name = Products;
			sourceTree = "<group>";
		};
		60A323CF202F1F5B00B732E4 /* DPICalculator */ = {
			isa = PBXGroup;
			children = (
				605A9F232123653000EED3CD /* Extensions */,
				60D0C7A42120B34100787132 /* Enums */,
				600687DF211D8F8600A0158E /* Protocols */,
				6026AA1A211771250049A0EA /* Classes */,
				606893D3211C2D0E00A91A4B /* Base Classes */,
				6084E7BB211CC43200088FAA /* Utils */,
				60A323DA202F1F5B00B732E4 /* Assets.xcassets */,
				60A323DC202F1F5B00B732E4 /* LaunchScreen.storyboard */,
				60A323DF202F1F5B00B732E4 /* Info.plist */,
				60A323D7202F1F5B00B732E4 /* DPICalculator.xcdatamodeld */,
			);
			path = DPICalculator;
			sourceTree = "<group>";
		};
		60CE84D8212C26940031FF86 /* History */ = {
			isa = PBXGroup;
			children = (
			);
			path = History;
			sourceTree = "<group>";
		};
		60CE84D9212C26A70031FF86 /* About */ = {
			isa = PBXGroup;
			children = (
			);
			path = About;
			sourceTree = "<group>";
		};
		60D0C79A2120356D00787132 /* BaseTabBar */ = {
			isa = PBXGroup;
			children = (
				60D0C79B212035A700787132 /* BaseTabBarViewController.swift */,
			);
			path = BaseTabBar;
			sourceTree = "<group>";
		};
		60D0C79F2120B12800787132 /* BaseTableView */ = {
			isa = PBXGroup;
			children = (
				604D7112211F301A00C4EABE /* DPIBaseTableView.swift */,
				605A9F1121230D3700EED3CD /* DPICellFactory.swift */,
				6008DE982135CB950024F6BA /* DPIBaseTableViewHeader.swift */,
				605A9F1321230D4C00EED3CD /* BaseTableViewCell */,
			);
			path = BaseTableView;
			sourceTree = "<group>";
		};
		60D0C7A42120B34100787132 /* Enums */ = {
			isa = PBXGroup;
			children = (
				600687E5211E32DF00A0158E /* NavigationEnum.swift */,
				605A9F1821231BCD00EED3CD /* DPIBaseTableViewCellStyleEnum.swift */,
			);
			path = Enums;
			sourceTree = "<group>";
		};
		60E0E9A8203BFC560086629C /* Model */ = {
			isa = PBXGroup;
			children = (
				60E0E9A9203BFC740086629C /* BaseScreenData.swift */,
				60BDC887212ED1A5007FD834 /* ScreenData.swift */,
				6035F9BC2047D9C4004F5AED /* DisplayData.swift */,
			);
			path = Model;
			sourceTree = "<group>";
		};
		60E0E9AB203BFC790086629C /* Builder */ = {
			isa = PBXGroup;
			children = (
				60E0E9AC203BFC8A0086629C /* BaseScreenDataBuilder.swift */,
				6035F9BE2047DCFD004F5AED /* DisplayDataBuilder.swift */,
			);
			path = Builder;
			sourceTree = "<group>";
		};
		60E0E9AE203BFE8D0086629C /* Manager */ = {
			isa = PBXGroup;
			children = (
				60E0E9AF203BFE9C0086629C /* CalculationManager.swift */,
			);
			path = Manager;
			sourceTree = "<group>";
		};
/* End PBXGroup section */

/* Begin PBXNativeTarget section */
		60A323CC202F1F5B00B732E4 /* DPICalculator */ = {
			isa = PBXNativeTarget;
			buildConfigurationList = 60A323E2202F1F5B00B732E4 /* Build configuration list for PBXNativeTarget "DPICalculator" */;
			buildPhases = (
				9601DD01E7E29F6EE670266D /* [CP] Check Pods Manifest.lock */,
				60A323C9202F1F5B00B732E4 /* Sources */,
				60A323CA202F1F5B00B732E4 /* Frameworks */,
				60A323CB202F1F5B00B732E4 /* Resources */,
				89F0DED0DCBF6C92A4FBFE54 /* [CP] Embed Pods Frameworks */,
			);
			buildRules = (
			);
			dependencies = (
			);
			name = DPICalculator;
			productName = DPICalculator;
			productReference = 60A323CD202F1F5B00B732E4 /* DPICalculator.app */;
			productType = "com.apple.product-type.application";
		};
/* End PBXNativeTarget section */

/* Begin PBXProject section */
		60A323C5202F1F5B00B732E4 /* Project object */ = {
			isa = PBXProject;
			attributes = {
				LastSwiftUpdateCheck = 0920;
				LastUpgradeCheck = 0920;
				ORGANIZATIONNAME = "Jakub Majewski";
				TargetAttributes = {
					60A323CC202F1F5B00B732E4 = {
						CreatedOnToolsVersion = 9.2;
						ProvisioningStyle = Automatic;
					};
				};
			};
			buildConfigurationList = 60A323C8202F1F5B00B732E4 /* Build configuration list for PBXProject "DPICalculator" */;
			compatibilityVersion = "Xcode 8.0";
			developmentRegion = en;
			hasScannedForEncodings = 0;
			knownRegions = (
				en,
				Base,
			);
			mainGroup = 60A323C4202F1F5B00B732E4;
			productRefGroup = 60A323CE202F1F5B00B732E4 /* Products */;
			projectDirPath = "";
			projectRoot = "";
			targets = (
				60A323CC202F1F5B00B732E4 /* DPICalculator */,
			);
		};
/* End PBXProject section */

/* Begin PBXResourcesBuildPhase section */
		60A323CB202F1F5B00B732E4 /* Resources */ = {
			isa = PBXResourcesBuildPhase;
			buildActionMask = 2147483647;
			files = (
				60A323DE202F1F5B00B732E4 /* LaunchScreen.storyboard in Resources */,
				60A323DB202F1F5B00B732E4 /* Assets.xcassets in Resources */,
			);
			runOnlyForDeploymentPostprocessing = 0;
		};
/* End PBXResourcesBuildPhase section */

/* Begin PBXShellScriptBuildPhase section */
		89F0DED0DCBF6C92A4FBFE54 /* [CP] Embed Pods Frameworks */ = {
			isa = PBXShellScriptBuildPhase;
			buildActionMask = 2147483647;
			files = (
			);
			inputPaths = (
				"${SRCROOT}/Pods/Target Support Files/Pods-DPICalculator/Pods-DPICalculator-frameworks.sh",
				"${BUILT_PRODUCTS_DIR}/Colours/Colours.framework",
				"${BUILT_PRODUCTS_DIR}/Font-Awesome-Swift/Font_Awesome_Swift.framework",
				"${BUILT_PRODUCTS_DIR}/LTMorphingLabel/LTMorphingLabel.framework",
				"${BUILT_PRODUCTS_DIR}/SnapKit/SnapKit.framework",
			);
			name = "[CP] Embed Pods Frameworks";
			outputPaths = (
				"${TARGET_BUILD_DIR}/${FRAMEWORKS_FOLDER_PATH}/Colours.framework",
				"${TARGET_BUILD_DIR}/${FRAMEWORKS_FOLDER_PATH}/Font_Awesome_Swift.framework",
				"${TARGET_BUILD_DIR}/${FRAMEWORKS_FOLDER_PATH}/LTMorphingLabel.framework",
				"${TARGET_BUILD_DIR}/${FRAMEWORKS_FOLDER_PATH}/SnapKit.framework",
			);
			runOnlyForDeploymentPostprocessing = 0;
			shellPath = /bin/sh;
			shellScript = "\"${SRCROOT}/Pods/Target Support Files/Pods-DPICalculator/Pods-DPICalculator-frameworks.sh\"\n";
			showEnvVarsInLog = 0;
		};
		9601DD01E7E29F6EE670266D /* [CP] Check Pods Manifest.lock */ = {
			isa = PBXShellScriptBuildPhase;
			buildActionMask = 2147483647;
			files = (
			);
			inputPaths = (
				"${PODS_PODFILE_DIR_PATH}/Podfile.lock",
				"${PODS_ROOT}/Manifest.lock",
			);
			name = "[CP] Check Pods Manifest.lock";
			outputPaths = (
				"$(DERIVED_FILE_DIR)/Pods-DPICalculator-checkManifestLockResult.txt",
			);
			runOnlyForDeploymentPostprocessing = 0;
			shellPath = /bin/sh;
			shellScript = "diff \"${PODS_PODFILE_DIR_PATH}/Podfile.lock\" \"${PODS_ROOT}/Manifest.lock\" > /dev/null\nif [ $? != 0 ] ; then\n    # print error to STDERR\n    echo \"error: The sandbox is not in sync with the Podfile.lock. Run 'pod install' or update your CocoaPods installation.\" >&2\n    exit 1\nfi\n# This output is used by Xcode 'outputs' to avoid re-running this script phase.\necho \"SUCCESS\" > \"${SCRIPT_OUTPUT_FILE_0}\"\n";
			showEnvVarsInLog = 0;
		};
/* End PBXShellScriptBuildPhase section */

/* Begin PBXSourcesBuildPhase section */
		60A323C9202F1F5B00B732E4 /* Sources */ = {
			isa = PBXSourcesBuildPhase;
			buildActionMask = 2147483647;
			files = (
				605A9F1921231BCD00EED3CD /* DPIBaseTableViewCellStyleEnum.swift in Sources */,
				60CE84DB212ECABA0031FF86 /* DPICalculationViewController+Calculations.swift in Sources */,
				606893D2211B1D2100A91A4B /* BaseNavigationController.swift in Sources */,
				60D0C79E2120392500787132 /* AppDelegate+SetupTabBar.swift in Sources */,
				6035F9BF2047DCFD004F5AED /* DisplayDataBuilder.swift in Sources */,
				600687EC211E483900A0158E /* UIAppColorSet.swift in Sources */,
				60BDC88A213014D5007FD834 /* DPIBaseTableViewCellWithTwoTextLabels.swift in Sources */,
				605A9F1221230D3700EED3CD /* DPICellFactory.swift in Sources */,
				605A9F2221234B4700EED3CD /* MainTableDataModel.swift in Sources */,
				604D710B211EF67B00C4EABE /* DPIBaseContainerView.swift in Sources */,
				60D0C7A62120B96A00787132 /* String+textFor.swift in Sources */,
				605A9F17212319E700EED3CD /* DPICellDelegate.swift in Sources */,
				60036D4A2205E193009D0F1B /* DPICalculationViewController+KeyboardFunctions.swift in Sources */,
				605A9F1F212325AB00EED3CD /* DPIBaseTableViewCellWithTextLabel.swift in Sources */,
				600687E6211E32DF00A0158E /* NavigationEnum.swift in Sources */,
				6008DE9B2135E0D50024F6BA /* DPICalculationViewController+SectionHeader.swift in Sources */,
				60E0E9AA203BFC740086629C /* BaseScreenData.swift in Sources */,
				604FA51E2129939A00C7E995 /* UIImageView+AddImage.swift in Sources */,
				60A323D9202F1F5B00B732E4 /* DPICalculator.xcdatamodeld in Sources */,
				600687F1211E528600A0158E /* DPICalculationViewController.swift in Sources */,
				600687F3211E52E400A0158E /* DPIMainView.swift in Sources */,
				604D710D211F02F600C4EABE /* DPITopSeparatorView.swift in Sources */,
				60E0E9B2203BFEF70086629C /* ConstantValues.swift in Sources */,
				604FA528212B5EE400C7E995 /* DPIBaseTableViewCellWithTwoTextFields.swift in Sources */,
				605A9F1D2123225C00EED3CD /* DPIBaseTableViewCellWithTextField.swift in Sources */,
				604D7113211F301A00C4EABE /* DPIBaseTableView.swift in Sources */,
				6035F9BD2047D9C4004F5AED /* DisplayData.swift in Sources */,
				60CE84D7212C105F0031FF86 /* DPICalculationViewController+CellForRow.swift in Sources */,
				60E0E9B0203BFE9C0086629C /* CalculationManager.swift in Sources */,
				6008DE992135CB950024F6BA /* DPIBaseTableViewHeader.swift in Sources */,
				604FA526212B10F900C7E995 /* BaseButton.swift in Sources */,
				604D710F211F1DE100C4EABE /* DPICalculationViewController+TableView.swift in Sources */,
				60F1478622061473009E1C0F /* Device.swift in Sources */,
				60BDC888212ED1A5007FD834 /* ScreenData.swift in Sources */,
				606893D5211C2D2F00A91A4B /* DPIBaseViewController.swift in Sources */,
				604FA524212B0E2900C7E995 /* DPICalculationViewController+TableData.swift in Sources */,
				60D0C79C212035A700787132 /* BaseTabBarViewController.swift in Sources */,
				605A9F252123655000EED3CD /* UIImage+AssetIdentifier.swift in Sources */,
				60E0E9AD203BFC8A0086629C /* BaseScreenDataBuilder.swift in Sources */,
				600687EA211E356600A0158E /* NoViewController.swift in Sources */,
				60A323D1202F1F5B00B732E4 /* AppDelegate.swift in Sources */,
			);
			runOnlyForDeploymentPostprocessing = 0;
		};
/* End PBXSourcesBuildPhase section */

/* Begin PBXVariantGroup section */
		60A323DC202F1F5B00B732E4 /* LaunchScreen.storyboard */ = {
			isa = PBXVariantGroup;
			children = (
				60A323DD202F1F5B00B732E4 /* Base */,
			);
			name = LaunchScreen.storyboard;
			sourceTree = "<group>";
		};
/* End PBXVariantGroup section */

/* Begin XCBuildConfiguration section */
		60A323E0202F1F5B00B732E4 /* Debug */ = {
			isa = XCBuildConfiguration;
			buildSettings = {
				ALWAYS_SEARCH_USER_PATHS = NO;
				CLANG_ANALYZER_NONNULL = YES;
				CLANG_ANALYZER_NUMBER_OBJECT_CONVERSION = YES_AGGRESSIVE;
				CLANG_CXX_LANGUAGE_STANDARD = "gnu++14";
				CLANG_CXX_LIBRARY = "libc++";
				CLANG_ENABLE_MODULES = YES;
				CLANG_ENABLE_OBJC_ARC = YES;
				CLANG_WARN_BLOCK_CAPTURE_AUTORELEASING = YES;
				CLANG_WARN_BOOL_CONVERSION = YES;
				CLANG_WARN_COMMA = YES;
				CLANG_WARN_CONSTANT_CONVERSION = YES;
				CLANG_WARN_DIRECT_OBJC_ISA_USAGE = YES_ERROR;
				CLANG_WARN_DOCUMENTATION_COMMENTS = YES;
				CLANG_WARN_EMPTY_BODY = YES;
				CLANG_WARN_ENUM_CONVERSION = YES;
				CLANG_WARN_INFINITE_RECURSION = YES;
				CLANG_WARN_INT_CONVERSION = YES;
				CLANG_WARN_NON_LITERAL_NULL_CONVERSION = YES;
				CLANG_WARN_OBJC_LITERAL_CONVERSION = YES;
				CLANG_WARN_OBJC_ROOT_CLASS = YES_ERROR;
				CLANG_WARN_RANGE_LOOP_ANALYSIS = YES;
				CLANG_WARN_STRICT_PROTOTYPES = YES;
				CLANG_WARN_SUSPICIOUS_MOVE = YES;
				CLANG_WARN_UNGUARDED_AVAILABILITY = YES_AGGRESSIVE;
				CLANG_WARN_UNREACHABLE_CODE = YES;
				CLANG_WARN__DUPLICATE_METHOD_MATCH = YES;
				CODE_SIGN_IDENTITY = "iPhone Developer";
				COPY_PHASE_STRIP = NO;
				DEBUG_INFORMATION_FORMAT = dwarf;
				ENABLE_STRICT_OBJC_MSGSEND = YES;
				ENABLE_TESTABILITY = YES;
				GCC_C_LANGUAGE_STANDARD = gnu11;
				GCC_DYNAMIC_NO_PIC = NO;
				GCC_NO_COMMON_BLOCKS = YES;
				GCC_OPTIMIZATION_LEVEL = 0;
				GCC_PREPROCESSOR_DEFINITIONS = (
					"DEBUG=1",
					"$(inherited)",
				);
				GCC_WARN_64_TO_32_BIT_CONVERSION = YES;
				GCC_WARN_ABOUT_RETURN_TYPE = YES_ERROR;
				GCC_WARN_UNDECLARED_SELECTOR = YES;
				GCC_WARN_UNINITIALIZED_AUTOS = YES_AGGRESSIVE;
				GCC_WARN_UNUSED_FUNCTION = YES;
				GCC_WARN_UNUSED_VARIABLE = YES;
				IPHONEOS_DEPLOYMENT_TARGET = 11.2;
				MTL_ENABLE_DEBUG_INFO = YES;
				ONLY_ACTIVE_ARCH = YES;
				SDKROOT = iphoneos;
				SWIFT_ACTIVE_COMPILATION_CONDITIONS = DEBUG;
				SWIFT_OPTIMIZATION_LEVEL = "-Onone";
			};
			name = Debug;
		};
		60A323E1202F1F5B00B732E4 /* Release */ = {
			isa = XCBuildConfiguration;
			buildSettings = {
				ALWAYS_SEARCH_USER_PATHS = NO;
				CLANG_ANALYZER_NONNULL = YES;
				CLANG_ANALYZER_NUMBER_OBJECT_CONVERSION = YES_AGGRESSIVE;
				CLANG_CXX_LANGUAGE_STANDARD = "gnu++14";
				CLANG_CXX_LIBRARY = "libc++";
				CLANG_ENABLE_MODULES = YES;
				CLANG_ENABLE_OBJC_ARC = YES;
				CLANG_WARN_BLOCK_CAPTURE_AUTORELEASING = YES;
				CLANG_WARN_BOOL_CONVERSION = YES;
				CLANG_WARN_COMMA = YES;
				CLANG_WARN_CONSTANT_CONVERSION = YES;
				CLANG_WARN_DIRECT_OBJC_ISA_USAGE = YES_ERROR;
				CLANG_WARN_DOCUMENTATION_COMMENTS = YES;
				CLANG_WARN_EMPTY_BODY = YES;
				CLANG_WARN_ENUM_CONVERSION = YES;
				CLANG_WARN_INFINITE_RECURSION = YES;
				CLANG_WARN_INT_CONVERSION = YES;
				CLANG_WARN_NON_LITERAL_NULL_CONVERSION = YES;
				CLANG_WARN_OBJC_LITERAL_CONVERSION = YES;
				CLANG_WARN_OBJC_ROOT_CLASS = YES_ERROR;
				CLANG_WARN_RANGE_LOOP_ANALYSIS = YES;
				CLANG_WARN_STRICT_PROTOTYPES = YES;
				CLANG_WARN_SUSPICIOUS_MOVE = YES;
				CLANG_WARN_UNGUARDED_AVAILABILITY = YES_AGGRESSIVE;
				CLANG_WARN_UNREACHABLE_CODE = YES;
				CLANG_WARN__DUPLICATE_METHOD_MATCH = YES;
				CODE_SIGN_IDENTITY = "iPhone Developer";
				COPY_PHASE_STRIP = NO;
				DEBUG_INFORMATION_FORMAT = "dwarf-with-dsym";
				ENABLE_NS_ASSERTIONS = NO;
				ENABLE_STRICT_OBJC_MSGSEND = YES;
				GCC_C_LANGUAGE_STANDARD = gnu11;
				GCC_NO_COMMON_BLOCKS = YES;
				GCC_WARN_64_TO_32_BIT_CONVERSION = YES;
				GCC_WARN_ABOUT_RETURN_TYPE = YES_ERROR;
				GCC_WARN_UNDECLARED_SELECTOR = YES;
				GCC_WARN_UNINITIALIZED_AUTOS = YES_AGGRESSIVE;
				GCC_WARN_UNUSED_FUNCTION = YES;
				GCC_WARN_UNUSED_VARIABLE = YES;
				IPHONEOS_DEPLOYMENT_TARGET = 11.2;
				MTL_ENABLE_DEBUG_INFO = NO;
				SDKROOT = iphoneos;
				SWIFT_OPTIMIZATION_LEVEL = "-Owholemodule";
				VALIDATE_PRODUCT = YES;
			};
			name = Release;
		};
		60A323E3202F1F5B00B732E4 /* Debug */ = {
			isa = XCBuildConfiguration;
			baseConfigurationReference = C4C02823162852AF8C030325 /* Pods-DPICalculator.debug.xcconfig */;
			buildSettings = {
				ASSETCATALOG_COMPILER_APPICON_NAME = AppIcon;
				CODE_SIGN_STYLE = Automatic;
				DEVELOPMENT_TEAM = 925758Y7C6;
				INFOPLIST_FILE = DPICalculator/Info.plist;
				IPHONEOS_DEPLOYMENT_TARGET = 12.1;
				LD_RUNPATH_SEARCH_PATHS = "$(inherited) @executable_path/Frameworks";
				PRODUCT_BUNDLE_IDENTIFIER = pl.fefercode.dpi;
				PRODUCT_NAME = "$(TARGET_NAME)";
				SWIFT_VERSION = 4.0;
				TARGETED_DEVICE_FAMILY = 1;
			};
			name = Debug;
		};
		60A323E4202F1F5B00B732E4 /* Release */ = {
			isa = XCBuildConfiguration;
			baseConfigurationReference = 034E1F224334B4A6365E3826 /* Pods-DPICalculator.release.xcconfig */;
			buildSettings = {
				ASSETCATALOG_COMPILER_APPICON_NAME = AppIcon;
				CODE_SIGN_STYLE = Automatic;
				DEVELOPMENT_TEAM = 925758Y7C6;
				INFOPLIST_FILE = DPICalculator/Info.plist;
				IPHONEOS_DEPLOYMENT_TARGET = 12.1;
				LD_RUNPATH_SEARCH_PATHS = "$(inherited) @executable_path/Frameworks";
				PRODUCT_BUNDLE_IDENTIFIER = pl.fefercode.dpi;
				PRODUCT_NAME = "$(TARGET_NAME)";
				SWIFT_VERSION = 4.0;
				TARGETED_DEVICE_FAMILY = 1;
			};
			name = Release;
		};
/* End XCBuildConfiguration section */

/* Begin XCConfigurationList section */
		60A323C8202F1F5B00B732E4 /* Build configuration list for PBXProject "DPICalculator" */ = {
			isa = XCConfigurationList;
			buildConfigurations = (
				60A323E0202F1F5B00B732E4 /* Debug */,
				60A323E1202F1F5B00B732E4 /* Release */,
			);
			defaultConfigurationIsVisible = 0;
			defaultConfigurationName = Release;
		};
		60A323E2202F1F5B00B732E4 /* Build configuration list for PBXNativeTarget "DPICalculator" */ = {
			isa = XCConfigurationList;
			buildConfigurations = (
				60A323E3202F1F5B00B732E4 /* Debug */,
				60A323E4202F1F5B00B732E4 /* Release */,
			);
			defaultConfigurationIsVisible = 0;
			defaultConfigurationName = Release;
		};
/* End XCConfigurationList section */

/* Begin XCVersionGroup section */
		60A323D7202F1F5B00B732E4 /* DPICalculator.xcdatamodeld */ = {
			isa = XCVersionGroup;
			children = (
				60A323D8202F1F5B00B732E4 /* DPICalculator.xcdatamodel */,
			);
			currentVersion = 60A323D8202F1F5B00B732E4 /* DPICalculator.xcdatamodel */;
			path = DPICalculator.xcdatamodeld;
			sourceTree = "<group>";
			versionGroupType = wrapper.xcdatamodel;
		};
/* End XCVersionGroup section */
	};
	rootObject = 60A323C5202F1F5B00B732E4 /* Project object */;
}
